
Microsoft Visual Studio Solution File, Format Version 12.00
# Visual Studio Version 16
VisualStudioVersion = 16.0.29519.181
MinimumVisualStudioVersion = 10.0.40219.1
Project("{FAE04EC0-301F-11D3-BF4B-00C04F79EFBC}") = "Pirkiniai", "Pirkiniai\Pirkiniai.csproj", "{4775BE66-4D9D-49BB-B56C-DD4A5A40FFE0}"
EndProject
Global
	GlobalSection(SolutionConfigurationPlatforms) = preSolution
		Debug|Any CPU = Debug|Any CPU
		Release|Any CPU = Release|Any CPU
	EndGlobalSection
	GlobalSection(ProjectConfigurationPlatforms) = postSolution
		{4775BE66-4D9D-49BB-B56C-DD4A5A40FFE0}.Debug|Any CPU.ActiveCfg = Debug|Any CPU
		{4775BE66-4D9D-49BB-B56C-DD4A5A40FFE0}.Debug|Any CPU.Build.0 = Debug|Any CPU
		{4775BE66-4D9D-49BB-B56C-DD4A5A40FFE0}.Release|Any CPU.ActiveCfg = Release|Any CPU
		{4775BE66-4D9D-49BB-B56C-DD4A5A40FFE0}.Release|Any CPU.Build.0 = Release|Any CPU
	EndGlobalSection
	GlobalSection(SolutionProperties) = preSolution
		HideSolutionNode = FALSE
	EndGlobalSection
	GlobalSection(ExtensibilityGlobals) = postSolution
		SolutionGuid = {473C5014-83EC-4740-826A-D072B6A25F7B}
	EndGlobalSection
EndGlobal
